{
  "name": "@AcaroMan/kv3-js",
  "version": "1.0.1",
  "lockfileVersion": 3,
  "requires": true,
  "packages": {
    "": {
      "name": "@AcaroMan/kv3-js",
      "version": "1.0.1",
      "license": "MIT",
      "bin": {
        "kv3-js": "bin/kv3-js.js"
      },
      "engines": {
        "node": ">=14"
      }
    }
  }
}
